
Microsoft Visual Studio Solution File, Format Version 12.00
# Visual Studio Version 17
VisualStudioVersion = 17.10.35013.160
MinimumVisualStudioVersion = 10.0.40219.1
Project("{FAE04EC0-301F-11D3-BF4B-00C04F79EFBC}") = "ChatsMigration", "ChatsMigration\ChatsMigration.csproj", "{8D6A9156-D2B5-46FA-AF54-5ADA03134C92}"
EndProject
Global
	GlobalSection(SolutionConfigurationPlatforms) = preSolution
		Debug|Any CPU = Debug|Any CPU
		Release|Any CPU = Release|Any CPU
	EndGlobalSection
	GlobalSection(ProjectConfigurationPlatforms) = postSolution
		{8D6A9156-D2B5-46FA-AF54-5ADA03134C92}.Debug|Any CPU.ActiveCfg = Debug|Any CPU
		{8D6A9156-D2B5-46FA-AF54-5ADA03134C92}.Debug|Any CPU.Build.0 = Debug|Any CPU
		{8D6A9156-D2B5-46FA-AF54-5ADA03134C92}.Release|Any CPU.ActiveCfg = Release|Any CPU
		{8D6A9156-D2B5-46FA-AF54-5ADA03134C92}.Release|Any CPU.Build.0 = Release|Any CPU
	EndGlobalSection
	GlobalSection(SolutionProperties) = preSolution
		HideSolutionNode = FALSE
	EndGlobalSection
	GlobalSection(ExtensibilityGlobals) = postSolution
		SolutionGuid = {6C40EA0E-06C3-4D5A-9A85-E5F978751933}
	EndGlobalSection
EndGlobal
